
Microsoft Visual Studio Solution File, Format Version 12.00
# Visual Studio Version 18
VisualStudioVersion = 18.6.11822.322
MinimumVisualStudioVersion = 10.0.40219.1
Project("{FAE04EC0-301F-11D3-BF4B-00C04F79EFBC}") = "SqlXmlAnalyzer", "SqlXmlAnalyzer.csproj", "{ACF2F731-317B-474E-16D1-A67C1761BCC1}"
EndProject
Project("{FAE04EC0-301F-11D3-BF4B-00C04F79EFBC}") = "SqlXmlAnalyzer.Core", "SqlXmlAnalyzer.Core\SqlXmlAnalyzer.Core.csproj", "{7888C5ED-AFE6-4191-85AB-57FD2C75B777}"
EndProject
Project("{FAE04EC0-301F-11D3-BF4B-00C04F79EFBC}") = "SqlXmlAnalyzer.Tests", "SqlXmlAnalyzer.Tests\SqlXmlAnalyzer.Tests.csproj", "{DAB420D3-5509-4B28-AE2C-8E350F82FE63}"
EndProject
Project("{FAE04EC0-301F-11D3-BF4B-00C04F79EFBC}") = "SqlXmlAnalyzer.CLI", "SqlXmlAnalyzer.CLI\SqlXmlAnalyzer.CLI.csproj", "{6D9353D0-3A8B-480B-AE3B-1E81BDDCBCE5}"
EndProject
Project("{2150E333-8FDC-42A3-9474-1A3956D46DE8}") = "src", "src", "{827E0CD3-B72D-47B6-A68D-7590B98EB39B}"
EndProject
Project("{FAE04EC0-301F-11D3-BF4B-00C04F79EFBC}") = "SqlXmlAnalyzer.Analysis", "src\SqlXmlAnalyzer.Analysis\SqlXmlAnalyzer.Analysis.csproj", "{46B50B21-6A37-4F67-B205-134A48FEBFD6}"
EndProject
Project("{FAE04EC0-301F-11D3-BF4B-00C04F79EFBC}") = "SqlXmlAnalyzer.Refactoring", "src\SqlXmlAnalyzer.Refactoring\SqlXmlAnalyzer.Refactoring.csproj", "{417390CB-AC47-4160-820A-015829F36040}"
EndProject
Project("{FAE04EC0-301F-11D3-BF4B-00C04F79EFBC}") = "SqlXmlAnalyzer.Application", "src\SqlXmlAnalyzer.Application\SqlXmlAnalyzer.Application.csproj", "{1E68E699-04E4-404C-8908-45AFD51755B0}"
EndProject
Global
	GlobalSection(SolutionConfigurationPlatforms) = preSolution
		Debug|Any CPU = Debug|Any CPU
		Debug|x64 = Debug|x64
		Debug|x86 = Debug|x86
		Release|Any CPU = Release|Any CPU
		Release|x64 = Release|x64
		Release|x86 = Release|x86
	EndGlobalSection
	GlobalSection(ProjectConfigurationPlatforms) = postSolution
		{ACF2F731-317B-474E-16D1-A67C1761BCC1}.Debug|Any CPU.ActiveCfg = Debug|Any CPU
		{ACF2F731-317B-474E-16D1-A67C1761BCC1}.Debug|Any CPU.Build.0 = Debug|Any CPU
		{ACF2F731-317B-474E-16D1-A67C1761BCC1}.Debug|x64.ActiveCfg = Debug|Any CPU
		{ACF2F731-317B-474E-16D1-A67C1761BCC1}.Debug|x64.Build.0 = Debug|Any CPU
		{ACF2F731-317B-474E-16D1-A67C1761BCC1}.Debug|x86.ActiveCfg = Debug|Any CPU
		{ACF2F731-317B-474E-16D1-A67C1761BCC1}.Debug|x86.Build.0 = Debug|Any CPU
		{ACF2F731-317B-474E-16D1-A67C1761BCC1}.Release|Any CPU.ActiveCfg = Release|Any CPU
		{ACF2F731-317B-474E-16D1-A67C1761BCC1}.Release|Any CPU.Build.0 = Release|Any CPU
		{ACF2F731-317B-474E-16D1-A67C1761BCC1}.Release|x64.ActiveCfg = Release|Any CPU
		{ACF2F731-317B-474E-16D1-A67C1761BCC1}.Release|x64.Build.0 = Release|Any CPU
		{ACF2F731-317B-474E-16D1-A67C1761BCC1}.Release|x86.ActiveCfg = Release|Any CPU
		{ACF2F731-317B-474E-16D1-A67C1761BCC1}.Release|x86.Build.0 = Release|Any CPU
		{7888C5ED-AFE6-4191-85AB-57FD2C75B777}.Debug|Any CPU.ActiveCfg = Debug|Any CPU
		{7888C5ED-AFE6-4191-85AB-57FD2C75B777}.Debug|Any CPU.Build.0 = Debug|Any CPU
		{7888C5ED-AFE6-4191-85AB-57FD2C75B777}.Debug|x64.ActiveCfg = Debug|Any CPU
		{7888C5ED-AFE6-4191-85AB-57FD2C75B777}.Debug|x64.Build.0 = Debug|Any CPU
		{7888C5ED-AFE6-4191-85AB-57FD2C75B777}.Debug|x86.ActiveCfg = Debug|Any CPU
		{7888C5ED-AFE6-4191-85AB-57FD2C75B777}.Debug|x86.Build.0 = Debug|Any CPU
		{7888C5ED-AFE6-4191-85AB-57FD2C75B777}.Release|Any CPU.ActiveCfg = Release|Any CPU
		{7888C5ED-AFE6-4191-85AB-57FD2C75B777}.Release|Any CPU.Build.0 = Release|Any CPU
		{7888C5ED-AFE6-4191-85AB-57FD2C75B777}.Release|x64.ActiveCfg = Release|Any CPU
		{7888C5ED-AFE6-4191-85AB-57FD2C75B777}.Release|x64.Build.0 = Release|Any CPU
		{7888C5ED-AFE6-4191-85AB-57FD2C75B777}.Release|x86.ActiveCfg = Release|Any CPU
		{7888C5ED-AFE6-4191-85AB-57FD2C75B777}.Release|x86.Build.0 = Release|Any CPU
		{DAB420D3-5509-4B28-AE2C-8E350F82FE63}.Debug|Any CPU.ActiveCfg = Debug|Any CPU
		{DAB420D3-5509-4B28-AE2C-8E350F82FE63}.Debug|Any CPU.Build.0 = Debug|Any CPU
		{DAB420D3-5509-4B28-AE2C-8E350F82FE63}.Debug|x64.ActiveCfg = Debug|Any CPU
		{DAB420D3-5509-4B28-AE2C-8E350F82FE63}.Debug|x64.Build.0 = Debug|Any CPU
		{DAB420D3-5509-4B28-AE2C-8E350F82FE63}.Debug|x86.ActiveCfg = Debug|Any CPU
		{DAB420D3-5509-4B28-AE2C-8E350F82FE63}.Debug|x86.Build.0 = Debug|Any CPU
		{DAB420D3-5509-4B28-AE2C-8E350F82FE63}.Release|Any CPU.ActiveCfg = Release|Any CPU
		{DAB420D3-5509-4B28-AE2C-8E350F82FE63}.Release|Any CPU.Build.0 = Release|Any CPU
		{DAB420D3-5509-4B28-AE2C-8E350F82FE63}.Release|x64.ActiveCfg = Release|Any CPU
		{DAB420D3-5509-4B28-AE2C-8E350F82FE63}.Release|x64.Build.0 = Release|Any CPU
		{DAB420D3-5509-4B28-AE2C-8E350F82FE63}.Release|x86.ActiveCfg = Release|Any CPU
		{DAB420D3-5509-4B28-AE2C-8E350F82FE63}.Release|x86.Build.0 = Release|Any CPU
		{6D9353D0-3A8B-480B-AE3B-1E81BDDCBCE5}.Debug|Any CPU.ActiveCfg = Debug|Any CPU
		{6D9353D0-3A8B-480B-AE3B-1E81BDDCBCE5}.Debug|Any CPU.Build.0 = Debug|Any CPU
		{6D9353D0-3A8B-480B-AE3B-1E81BDDCBCE5}.Debug|x64.ActiveCfg = Debug|Any CPU
		{6D9353D0-3A8B-480B-AE3B-1E81BDDCBCE5}.Debug|x64.Build.0 = Debug|Any CPU
		{6D9353D0-3A8B-480B-AE3B-1E81BDDCBCE5}.Debug|x86.ActiveCfg = Debug|Any CPU
		{6D9353D0-3A8B-480B-AE3B-1E81BDDCBCE5}.Debug|x86.Build.0 = Debug|Any CPU
		{6D9353D0-3A8B-480B-AE3B-1E81BDDCBCE5}.Release|Any CPU.ActiveCfg = Release|Any CPU
		{6D9353D0-3A8B-480B-AE3B-1E81BDDCBCE5}.Release|Any CPU.Build.0 = Release|Any CPU
		{6D9353D0-3A8B-480B-AE3B-1E81BDDCBCE5}.Release|x64.ActiveCfg = Release|Any CPU
		{6D9353D0-3A8B-480B-AE3B-1E81BDDCBCE5}.Release|x64.Build.0 = Release|Any CPU
		{6D9353D0-3A8B-480B-AE3B-1E81BDDCBCE5}.Release|x86.ActiveCfg = Release|Any CPU
		{6D9353D0-3A8B-480B-AE3B-1E81BDDCBCE5}.Release|x86.Build.0 = Release|Any CPU
		{46B50B21-6A37-4F67-B205-134A48FEBFD6}.Debug|Any CPU.ActiveCfg = Debug|Any CPU
		{46B50B21-6A37-4F67-B205-134A48FEBFD6}.Debug|Any CPU.Build.0 = Debug|Any CPU
		{46B50B21-6A37-4F67-B205-134A48FEBFD6}.Debug|x64.ActiveCfg = Debug|Any CPU
		{46B50B21-6A37-4F67-B205-134A48FEBFD6}.Debug|x64.Build.0 = Debug|Any CPU
		{46B50B21-6A37-4F67-B205-134A48FEBFD6}.Debug|x86.ActiveCfg = Debug|Any CPU
		{46B50B21-6A37-4F67-B205-134A48FEBFD6}.Debug|x86.Build.0 = Debug|Any CPU
		{46B50B21-6A37-4F67-B205-134A48FEBFD6}.Release|Any CPU.ActiveCfg = Release|Any CPU
		{46B50B21-6A37-4F67-B205-134A48FEBFD6}.Release|Any CPU.Build.0 = Release|Any CPU
		{46B50B21-6A37-4F67-B205-134A48FEBFD6}.Release|x64.ActiveCfg = Release|Any CPU
		{46B50B21-6A37-4F67-B205-134A48FEBFD6}.Release|x64.Build.0 = Release|Any CPU
		{46B50B21-6A37-4F67-B205-134A48FEBFD6}.Release|x86.ActiveCfg = Release|Any CPU
		{46B50B21-6A37-4F67-B205-134A48FEBFD6}.Release|x86.Build.0 = Release|Any CPU
		{417390CB-AC47-4160-820A-015829F36040}.Debug|Any CPU.ActiveCfg = Debug|Any CPU
		{417390CB-AC47-4160-820A-015829F36040}.Debug|Any CPU.Build.0 = Debug|Any CPU
		{417390CB-AC47-4160-820A-015829F36040}.Debug|x64.ActiveCfg = Debug|Any CPU
		{417390CB-AC47-4160-820A-015829F36040}.Debug|x64.Build.0 = Debug|Any CPU
		{417390CB-AC47-4160-820A-015829F36040}.Debug|x86.ActiveCfg = Debug|Any CPU
		{417390CB-AC47-4160-820A-015829F36040}.Debug|x86.Build.0 = Debug|Any CPU
		{417390CB-AC47-4160-820A-015829F36040}.Release|Any CPU.ActiveCfg = Release|Any CPU
		{417390CB-AC47-4160-820A-015829F36040}.Release|Any CPU.Build.0 = Release|Any CPU
		{417390CB-AC47-4160-820A-015829F36040}.Release|x64.ActiveCfg = Release|Any CPU
		{417390CB-AC47-4160-820A-015829F36040}.Release|x64.Build.0 = Release|Any CPU
		{417390CB-AC47-4160-820A-015829F36040}.Release|x86.ActiveCfg = Release|Any CPU
		{417390CB-AC47-4160-820A-015829F36040}.Release|x86.Build.0 = Release|Any CPU
		{1E68E699-04E4-404C-8908-45AFD51755B0}.Debug|Any CPU.ActiveCfg = Debug|Any CPU
		{1E68E699-04E4-404C-8908-45AFD51755B0}.Debug|Any CPU.Build.0 = Debug|Any CPU
		{1E68E699-04E4-404C-8908-45AFD51755B0}.Debug|x64.ActiveCfg = Debug|Any CPU
		{1E68E699-04E4-404C-8908-45AFD51755B0}.Debug|x64.Build.0 = Debug|Any CPU
		{1E68E699-04E4-404C-8908-45AFD51755B0}.Debug|x86.ActiveCfg = Debug|Any CPU
		{1E68E699-04E4-404C-8908-45AFD51755B0}.Debug|x86.Build.0 = Debug|Any CPU
		{1E68E699-04E4-404C-8908-45AFD51755B0}.Release|Any CPU.ActiveCfg = Release|Any CPU
		{1E68E699-04E4-404C-8908-45AFD51755B0}.Release|Any CPU.Build.0 = Release|Any CPU
		{1E68E699-04E4-404C-8908-45AFD51755B0}.Release|x64.ActiveCfg = Release|Any CPU
		{1E68E699-04E4-404C-8908-45AFD51755B0}.Release|x64.Build.0 = Release|Any CPU
		{1E68E699-04E4-404C-8908-45AFD51755B0}.Release|x86.ActiveCfg = Release|Any CPU
		{1E68E699-04E4-404C-8908-45AFD51755B0}.Release|x86.Build.0 = Release|Any CPU
	EndGlobalSection
	GlobalSection(SolutionProperties) = preSolution
		HideSolutionNode = FALSE
	EndGlobalSection
	GlobalSection(NestedProjects) = preSolution
		{46B50B21-6A37-4F67-B205-134A48FEBFD6} = {827E0CD3-B72D-47B6-A68D-7590B98EB39B}
		{417390CB-AC47-4160-820A-015829F36040} = {827E0CD3-B72D-47B6-A68D-7590B98EB39B}
		{1E68E699-04E4-404C-8908-45AFD51755B0} = {827E0CD3-B72D-47B6-A68D-7590B98EB39B}
	EndGlobalSection
	GlobalSection(ExtensibilityGlobals) = postSolution
		SolutionGuid = {5BCE2FD6-890A-42D0-9D37-3752E59D1F22}
	EndGlobalSection
EndGlobal
